hash: 5e6dfb0ad442502d06b60e2bcc93b4e72188cd869a74ad202927e02b057d6012
updated: 2016-07-11T21:03:31.551565627+01:00
imports:
- name: github.com/gorilla/handlers
  version: 30742350c3353dbfc87e424d9390bbd345c007c9
- name: github.com/jackspirou/syscerts
  version: 30742350c3353dbfc87e424d9390bbd345c007c9
- name: github.com/spf13/pflag
  version: 30742350c3353dbfc87e424d9390bbd345c007c9
- name: github.com/vulcand/oxy
  version: 30742350c3353dbfc87e424d9390bbd345c007c9
testImports: []
